
Microsoft Visual Studio Solution File, Format Version 12.00
# Visual Studio Version 17
VisualStudioVersion = 17.12.35527.113 d17.12
MinimumVisualStudioVersion = 10.0.40219.1
Project("{FAE04EC0-301F-11D3-BF4B-00C04F79EFBC}") = "Bridge", "Bridge\Bridge.csproj", "{74004225-0F37-4636-AE00-3C5B95999FDB}"
EndProject
Project("{FAE04EC0-301F-11D3-BF4B-00C04F79EFBC}") = "Bridge - Tester", "Bridge - Tester\Bridge - Tester.csproj", "{4D1561B4-16E9-4017-91EB-26C4CFCEE8C0}"
EndProject
Project("{FAE04EC0-301F-11D3-BF4B-00C04F79EFBC}") = "OresundBron", "OresundBron\OresundBron.csproj", "{1E408019-7B3C-44C6-AFDA-A8F4CBE4BECE}"
EndProject
Project("{FAE04EC0-301F-11D3-BF4B-00C04F79EFBC}") = "OresundTester", "OresundTester\OresundTester.csproj", "{2D6C5D50-A465-4B36-B492-D662215B6276}"
EndProject
Global
	GlobalSection(SolutionConfigurationPlatforms) = preSolution
		Debug|Any CPU = Debug|Any CPU
		Release|Any CPU = Release|Any CPU
	EndGlobalSection
	GlobalSection(ProjectConfigurationPlatforms) = postSolution
		{74004225-0F37-4636-AE00-3C5B95999FDB}.Debug|Any CPU.ActiveCfg = Debug|Any CPU
		{74004225-0F37-4636-AE00-3C5B95999FDB}.Debug|Any CPU.Build.0 = Debug|Any CPU
		{74004225-0F37-4636-AE00-3C5B95999FDB}.Release|Any CPU.ActiveCfg = Release|Any CPU
		{74004225-0F37-4636-AE00-3C5B95999FDB}.Release|Any CPU.Build.0 = Release|Any CPU
		{4D1561B4-16E9-4017-91EB-26C4CFCEE8C0}.Debug|Any CPU.ActiveCfg = Debug|Any CPU
		{4D1561B4-16E9-4017-91EB-26C4CFCEE8C0}.Debug|Any CPU.Build.0 = Debug|Any CPU
		{4D1561B4-16E9-4017-91EB-26C4CFCEE8C0}.Release|Any CPU.ActiveCfg = Release|Any CPU
		{4D1561B4-16E9-4017-91EB-26C4CFCEE8C0}.Release|Any CPU.Build.0 = Release|Any CPU
		{1E408019-7B3C-44C6-AFDA-A8F4CBE4BECE}.Debug|Any CPU.ActiveCfg = Debug|Any CPU
		{1E408019-7B3C-44C6-AFDA-A8F4CBE4BECE}.Debug|Any CPU.Build.0 = Debug|Any CPU
		{1E408019-7B3C-44C6-AFDA-A8F4CBE4BECE}.Release|Any CPU.ActiveCfg = Release|Any CPU
		{1E408019-7B3C-44C6-AFDA-A8F4CBE4BECE}.Release|Any CPU.Build.0 = Release|Any CPU
		{2D6C5D50-A465-4B36-B492-D662215B6276}.Debug|Any CPU.ActiveCfg = Debug|Any CPU
		{2D6C5D50-A465-4B36-B492-D662215B6276}.Debug|Any CPU.Build.0 = Debug|Any CPU
		{2D6C5D50-A465-4B36-B492-D662215B6276}.Release|Any CPU.ActiveCfg = Release|Any CPU
		{2D6C5D50-A465-4B36-B492-D662215B6276}.Release|Any CPU.Build.0 = Release|Any CPU
	EndGlobalSection
	GlobalSection(SolutionProperties) = preSolution
		HideSolutionNode = FALSE
	EndGlobalSection
EndGlobal
